
Microsoft Visual Studio Solution File, Format Version 12.00
# Visual Studio 2012
Project("{FAE04EC0-301F-11D3-BF4B-00C04F79EFBC}") = "MultipageApp", "MultipageApp\MultipageApp.csproj", "{06E7C508-1F2C-4F41-8740-767ABB3F290B}"
EndProject
Global
	GlobalSection(SolutionConfigurationPlatforms) = preSolution
		Debug|Any CPU = Debug|Any CPU
		Release|Any CPU = Release|Any CPU
	EndGlobalSection
	GlobalSection(ProjectConfigurationPlatforms) = postSolution
		{06E7C508-1F2C-4F41-8740-767ABB3F290B}.Debug|Any CPU.ActiveCfg = Debug|Any CPU
		{06E7C508-1F2C-4F41-8740-767ABB3F290B}.Debug|Any CPU.Build.0 = Debug|Any CPU
		{06E7C508-1F2C-4F41-8740-767ABB3F290B}.Release|Any CPU.ActiveCfg = Release|Any CPU
		{06E7C508-1F2C-4F41-8740-767ABB3F290B}.Release|Any CPU.Build.0 = Release|Any CPU
	EndGlobalSection
EndGlobal
